<?xml version="1.0" encoding="utf-8"?>
<Project ToolsVersion="4.0" xmlns="http://schemas.microsoft.com/developer/msbuild/2003">
  <ItemGroup>
    <Filter Include="Source Files">
      <UniqueIdentifier>{4FC737F1-C7A5-4376-A066-2A32D752A2FF}</UniqueIdentifier>
      <Extensions>cpp;c;cc;cxx;c++;cppm;ixx;def;odl;idl;hpj;bat;asm;asmx</Extensions>
    </Filter>
    <Filter Include="Header Files">
      <UniqueIdentifier>{93995380-89BD-4b04-88EB-625FBE52EBFB}</UniqueIdentifier>
      <Extensions>h;hh;hpp;hxx;h++;hm;inl;inc;ipp;xsd</Extensions>
    </Filter>
    <Filter Include="Resource Files">
      <UniqueIdentifier>{67DA6AB6-F800-4c08-8B7A-83BB121AAD01}</UniqueIdentifier>
      <Extensions>rc;ico;cur;bmp;dlg;rc2;rct;bin;rgs;gif;jpg;jpeg;jpe;resx;tiff;tif;png;wav;mfcribbon-ms</Extensions>
    </Filter>
  </ItemGroup>
  <ItemGroup>
    <ClCompile Include="main.cpp">
      <Filter>Source Files</Filter>
    </ClCompile>
    <ClCompile Include="glad.c">
      <Filter>Source Files</Filter>
    </ClCompile>
    <ClCompile Include="Camera.cpp">
      <Filter>Source Files</Filter>
    </ClCompile>
    <ClCompile Include="EBO.cpp">
      <Filter>Source Files</Filter>
    </ClCompile>
    <ClCompile Include="mesh.cpp">
      <Filter>Source Files</Filter>
    </ClCompile>
    <ClCompile Include="model.cpp">
      <Filter>Source Files</Filter>
    </ClCompile>
    <ClCompile Include="shaderClass.cpp">
      <Filter>Source Files</Filter>
    </ClCompile>
    <ClCompile Include="Texture.cpp">
      <Filter>Source Files</Filter>
    </ClCompile>
    <ClCompile Include="VAO.cpp">
      <Filter>Source Files</Filter>
    </ClCompile>
    <ClCompile Include="VBO.cpp">
      <Filter>Source Files</Filter>
    </ClCompile>
    <ClCompile Include="stbi_def.cpp">
      <Filter>Source Files</Filter>
    </ClCompile>
  </ItemGroup>
  <ItemGroup>
    <ClInclude Include="model.h">
      <Filter>Header Files</Filter>
    </ClInclude>
    <ClInclude Include="mesh.h">
      <Filter>Header Files</Filter>
    </ClInclude>
    <ClInclude Include="VAO.h">
      <Filter>Header Files</Filter>
    </ClInclude>
    <ClInclude Include="VBO.h">
      <Filter>Header Files</Filter>
    </ClInclude>
    <ClInclude Include="EBO.h">
      <Filter>Header Files</Filter>
    </ClInclude>
    <ClInclude Include="Camera.h">
      <Filter>Header Files</Filter>
    </ClInclude>
    <ClInclude Include="Texture.h">
      <Filter>Header Files</Filter>
    </ClInclude>
    <ClInclude Include="shaderClass.h">
      <Filter>Header Files</Filter>
    </ClInclude>
    <ClInclude Include="stb_image.h">
      <Filter>Header Files</Filter>
    </ClInclude>
    <ClInclude Include="string_helper.h">
      <Filter>Header Files</Filter>
    </ClInclude>
  </ItemGroup>
  <ItemGroup>
    <None Include="default.vs" />
    <None Include="default.fs" />
    <None Include="gltf_models\bunny\scene.bin">
      <Filter>Resource Files</Filter>
    </None>
    <None Include="gltf_models\bunny\scene.gltf" />
    <None Include="gltf_models\grindstone\scene.bin">
      <Filter>Resource Files</Filter>
    </None>
    <None Include="gltf_models\grindstone\scene.gltf" />
    <None Include="gltf_models\map\scene.bin">
      <Filter>Resource Files</Filter>
    </None>
    <None Include="gltf_models\map\scene.gltf" />
    <None Include="gltf_models\scroll\scene.bin">
      <Filter>Resource Files</Filter>
    </None>
    <None Include="gltf_models\scroll\scene.gltf" />
    <None Include="gltf_models\metal_roughness\MetalRoughSpheres.gltf" />
    <None Include="gltf_models\metal_roughness\MetalRoughSpheres0.bin">
      <Filter>Resource Files</Filter>
    </None>
    <None Include="PBR\brdf.glsl" />
    <None Include="PBR\pbr.vs" />
    <None Include="PBR\pbr.fs" />
    <None Include="skyboxs\skybox_beach_balcony.exr" />
    <None Include="shaders\equirectangular.vs" />
    <None Include="shaders\equirectangular.fs" />
    <None Include="skyboxs\illovo_beach_balcony_4k.hdr" />
    <None Include="shaders\skyBox.vs" />
    <None Include="shaders\skybox.fs" />
    <None Include="shaders\irradianceMap.fs" />
    <None Include="shaders\irradianceMap.vs" />
    <None Include="shaders\prefilterMap.vs" />
    <None Include="shaders\prefilterMap.fs" />
    <None Include="shaders\brdfIBL.fs" />
    <None Include="shaders\brdfIBL.vs" />
  </ItemGroup>
  <ItemGroup>
    <Image Include="gltf_models\bunny\baseColor.png">
      <Filter>Resource Files</Filter>
    </Image>
    <Image Include="gltf_models\bunny\metallicRoughness.png">
      <Filter>Resource Files</Filter>
    </Image>
    <Image Include="gltf_models\grindstone\textures\Main_baseColor.jpeg">
      <Filter>Resource Files</Filter>
    </Image>
    <Image Include="gltf_models\grindstone\textures\Main_metallicRoughness.png">
      <Filter>Resource Files</Filter>
    </Image>
    <Image Include="gltf_models\grindstone\textures\Main_normal.png">
      <Filter>Resource Files</Filter>
    </Image>
    <Image Include="gltf_models\map\textures\Material.001_baseColor.png">
      <Filter>Resource Files</Filter>
    </Image>
    <Image Include="gltf_models\scroll\textures\lambert4SG_baseColor.png">
      <Filter>Resource Files</Filter>
    </Image>
    <Image Include="gltf_models\metal_roughness\Spheres_BaseColor.png">
      <Filter>Resource Files</Filter>
    </Image>
    <Image Include="gltf_models\metal_roughness\Spheres_MetalRough.png">
      <Filter>Resource Files</Filter>
    </Image>
  </ItemGroup>
</Project>